
Microsoft Visual Studio Solution File, Format Version 12.00
# Visual Studio Version 17
VisualStudioVersion = 17.11.35312.102
MinimumVisualStudioVersion = 10.0.40219.1
Project("{FAE04EC0-301F-11D3-BF4B-00C04F79EFBC}") = "Client", "Client\Client.csproj", "{0DD7680A-5CA2-4840-A2AE-F68B8D16F7E7}"
EndProject
Global
	GlobalSection(SolutionConfigurationPlatforms) = preSolution
		Debug|Any CPU = Debug|Any CPU
		Release|Any CPU = Release|Any CPU
	EndGlobalSection
	GlobalSection(ProjectConfigurationPlatforms) = postSolution
		{0DD7680A-5CA2-4840-A2AE-F68B8D16F7E7}.Debug|Any CPU.ActiveCfg = Debug|Any CPU
		{0DD7680A-5CA2-4840-A2AE-F68B8D16F7E7}.Debug|Any CPU.Build.0 = Debug|Any CPU
		{0DD7680A-5CA2-4840-A2AE-F68B8D16F7E7}.Release|Any CPU.ActiveCfg = Release|Any CPU
		{0DD7680A-5CA2-4840-A2AE-F68B8D16F7E7}.Release|Any CPU.Build.0 = Release|Any CPU
	EndGlobalSection
	GlobalSection(SolutionProperties) = preSolution
		HideSolutionNode = FALSE
	EndGlobalSection
	GlobalSection(ExtensibilityGlobals) = postSolution
		SolutionGuid = {27C2B604-0857-49CF-88DD-032071F33FF6}
	EndGlobalSection
EndGlobal
